
Microsoft Visual Studio Solution File, Format Version 12.00
# Visual Studio Version 16
VisualStudioVersion = 16.0.29728.190
MinimumVisualStudioVersion = 10.0.40219.1
Project("{9A19103F-16F7-4668-BE54-9A1E7A4F7556}") = "iAttendTFL_WebApp", "iAttendTFL_WebApp\iAttendTFL_WebApp.csproj", "{4F418848-89FC-4AD5-88C1-5AA32F911E90}"
EndProject
Project("{FAE04EC0-301F-11D3-BF4B-00C04F79EFBC}") = "iAttendTFL_MobileApp.Android", "iAttendTFL_MobileApp\iAttendTFL_MobileApp.Android\iAttendTFL_MobileApp.Android.csproj", "{F85296BC-8EFB-4BEE-B811-EBC23378B311}"
EndProject
Project("{FAE04EC0-301F-11D3-BF4B-00C04F79EFBC}") = "iAttendTFL_MobileApp.iOS", "iAttendTFL_MobileApp\iAttendTFL_MobileApp.iOS\iAttendTFL_MobileApp.iOS.csproj", "{190418A4-3385-4E86-A926-D1256ACAB97E}"
EndProject
Project("{9A19103F-16F7-4668-BE54-9A1E7A4F7556}") = "iAttendTFL_MobileApp", "iAttendTFL_MobileApp\iAttendTFL_MobileApp\iAttendTFL_MobileApp.csproj", "{EC4E7113-436F-4946-AB64-BC318773603A}"
EndProject
Project("{2150E333-8FDC-42A3-9474-1A3956D46DE8}") = "Solution Items", "Solution Items", "{B5A56D59-2DCA-41A6-8BB5-F87936D19769}"
	ProjectSection(SolutionItems) = preProject
		.editorconfig = .editorconfig
	EndProjectSection
EndProject
Global
	GlobalSection(SolutionConfigurationPlatforms) = preSolution
		Debug|Any CPU = Debug|Any CPU
		Debug|iPhone = Debug|iPhone
		Debug|iPhoneSimulator = Debug|iPhoneSimulator
		Release|Any CPU = Release|Any CPU
		Release|iPhone = Release|iPhone
		Release|iPhoneSimulator = Release|iPhoneSimulator
	EndGlobalSection
	GlobalSection(ProjectConfigurationPlatforms) = postSolution
		{4F418848-89FC-4AD5-88C1-5AA32F911E90}.Debug|Any CPU.ActiveCfg = Debug|Any CPU
		{4F418848-89FC-4AD5-88C1-5AA32F911E90}.Debug|Any CPU.Build.0 = Debug|Any CPU
		{4F418848-89FC-4AD5-88C1-5AA32F911E90}.Debug|iPhone.ActiveCfg = Debug|Any CPU
		{4F418848-89FC-4AD5-88C1-5AA32F911E90}.Debug|iPhone.Build.0 = Debug|Any CPU
		{4F418848-89FC-4AD5-88C1-5AA32F911E90}.Debug|iPhoneSimulator.ActiveCfg = Debug|Any CPU
		{4F418848-89FC-4AD5-88C1-5AA32F911E90}.Debug|iPhoneSimulator.Build.0 = Debug|Any CPU
		{4F418848-89FC-4AD5-88C1-5AA32F911E90}.Release|Any CPU.ActiveCfg = Release|Any CPU
		{4F418848-89FC-4AD5-88C1-5AA32F911E90}.Release|Any CPU.Build.0 = Release|Any CPU
		{4F418848-89FC-4AD5-88C1-5AA32F911E90}.Release|iPhone.ActiveCfg = Release|Any CPU
		{4F418848-89FC-4AD5-88C1-5AA32F911E90}.Release|iPhone.Build.0 = Release|Any CPU
		{4F418848-89FC-4AD5-88C1-5AA32F911E90}.Release|iPhoneSimulator.ActiveCfg = Release|Any CPU
		{4F418848-89FC-4AD5-88C1-5AA32F911E90}.Release|iPhoneSimulator.Build.0 = Release|Any CPU
		{F85296BC-8EFB-4BEE-B811-EBC23378B311}.Debug|Any CPU.ActiveCfg = Debug|Any CPU
		{F85296BC-8EFB-4BEE-B811-EBC23378B311}.Debug|Any CPU.Build.0 = Debug|Any CPU
		{F85296BC-8EFB-4BEE-B811-EBC23378B311}.Debug|Any CPU.Deploy.0 = Debug|Any CPU
		{F85296BC-8EFB-4BEE-B811-EBC23378B311}.Debug|iPhone.ActiveCfg = Debug|Any CPU
		{F85296BC-8EFB-4BEE-B811-EBC23378B311}.Debug|iPhone.Build.0 = Debug|Any CPU
		{F85296BC-8EFB-4BEE-B811-EBC23378B311}.Debug|iPhone.Deploy.0 = Debug|Any CPU
		{F85296BC-8EFB-4BEE-B811-EBC23378B311}.Debug|iPhoneSimulator.ActiveCfg = Debug|Any CPU
		{F85296BC-8EFB-4BEE-B811-EBC23378B311}.Debug|iPhoneSimulator.Build.0 = Debug|Any CPU
		{F85296BC-8EFB-4BEE-B811-EBC23378B311}.Debug|iPhoneSimulator.Deploy.0 = Debug|Any CPU
		{F85296BC-8EFB-4BEE-B811-EBC23378B311}.Release|Any CPU.ActiveCfg = Release|Any CPU
		{F85296BC-8EFB-4BEE-B811-EBC23378B311}.Release|Any CPU.Build.0 = Release|Any CPU
		{F85296BC-8EFB-4BEE-B811-EBC23378B311}.Release|Any CPU.Deploy.0 = Release|Any CPU
		{F85296BC-8EFB-4BEE-B811-EBC23378B311}.Release|iPhone.ActiveCfg = Release|Any CPU
		{F85296BC-8EFB-4BEE-B811-EBC23378B311}.Release|iPhone.Build.0 = Release|Any CPU
		{F85296BC-8EFB-4BEE-B811-EBC23378B311}.Release|iPhone.Deploy.0 = Release|Any CPU
		{F85296BC-8EFB-4BEE-B811-EBC23378B311}.Release|iPhoneSimulator.ActiveCfg = Release|Any CPU
		{F85296BC-8EFB-4BEE-B811-EBC23378B311}.Release|iPhoneSimulator.Build.0 = Release|Any CPU
		{F85296BC-8EFB-4BEE-B811-EBC23378B311}.Release|iPhoneSimulator.Deploy.0 = Release|Any CPU
		{190418A4-3385-4E86-A926-D1256ACAB97E}.Debug|Any CPU.ActiveCfg = Debug|iPhone
		{190418A4-3385-4E86-A926-D1256ACAB97E}.Debug|iPhone.ActiveCfg = Debug|iPhone
		{190418A4-3385-4E86-A926-D1256ACAB97E}.Debug|iPhone.Build.0 = Debug|iPhone
		{190418A4-3385-4E86-A926-D1256ACAB97E}.Debug|iPhoneSimulator.ActiveCfg = Debug|iPhoneSimulator
		{190418A4-3385-4E86-A926-D1256ACAB97E}.Debug|iPhoneSimulator.Build.0 = Debug|iPhoneSimulator
		{190418A4-3385-4E86-A926-D1256ACAB97E}.Release|Any CPU.ActiveCfg = Release|iPhone
		{190418A4-3385-4E86-A926-D1256ACAB97E}.Release|iPhone.ActiveCfg = Release|iPhone
		{190418A4-3385-4E86-A926-D1256ACAB97E}.Release|iPhone.Build.0 = Release|iPhone
		{190418A4-3385-4E86-A926-D1256ACAB97E}.Release|iPhoneSimulator.ActiveCfg = Release|iPhoneSimulator
		{190418A4-3385-4E86-A926-D1256ACAB97E}.Release|iPhoneSimulator.Build.0 = Release|iPhoneSimulator
		{EC4E7113-436F-4946-AB64-BC318773603A}.Debug|Any CPU.ActiveCfg = Debug|Any CPU
		{EC4E7113-436F-4946-AB64-BC318773603A}.Debug|Any CPU.Build.0 = Debug|Any CPU
		{EC4E7113-436F-4946-AB64-BC318773603A}.Debug|iPhone.ActiveCfg = Debug|Any CPU
		{EC4E7113-436F-4946-AB64-BC318773603A}.Debug|iPhone.Build.0 = Debug|Any CPU
		{EC4E7113-436F-4946-AB64-BC318773603A}.Debug|iPhoneSimulator.ActiveCfg = Debug|Any CPU
		{EC4E7113-436F-4946-AB64-BC318773603A}.Debug|iPhoneSimulator.Build.0 = Debug|Any CPU
		{EC4E7113-436F-4946-AB64-BC318773603A}.Release|Any CPU.ActiveCfg = Release|Any CPU
		{EC4E7113-436F-4946-AB64-BC318773603A}.Release|Any CPU.Build.0 = Release|Any CPU
		{EC4E7113-436F-4946-AB64-BC318773603A}.Release|iPhone.ActiveCfg = Release|Any CPU
		{EC4E7113-436F-4946-AB64-BC318773603A}.Release|iPhone.Build.0 = Release|Any CPU
		{EC4E7113-436F-4946-AB64-BC318773603A}.Release|iPhoneSimulator.ActiveCfg = Release|Any CPU
		{EC4E7113-436F-4946-AB64-BC318773603A}.Release|iPhoneSimulator.Build.0 = Release|Any CPU
	EndGlobalSection
	GlobalSection(SolutionProperties) = preSolution
		HideSolutionNode = FALSE
	EndGlobalSection
	GlobalSection(ExtensibilityGlobals) = postSolution
		SolutionGuid = {4E965B72-00D5-45F7-8886-378E443531F6}
	EndGlobalSection
EndGlobal
